
Microsoft Visual Studio Solution File, Format Version 12.00
Project("{FAE04EC0-301F-11D3-BF4B-00C04F79EFBC}") = "Pawz", "Pawz\Pawz.csproj", "{588F847A-8213-4778-B267-1962E94CB394}"
EndProject
Global
	GlobalSection(SolutionConfigurationPlatforms) = preSolution
		Debug|Any CPU = Debug|Any CPU
		Release|Any CPU = Release|Any CPU
	EndGlobalSection
	GlobalSection(ProjectConfigurationPlatforms) = postSolution
		{588F847A-8213-4778-B267-1962E94CB394}.Debug|Any CPU.ActiveCfg = Debug|Any CPU
		{588F847A-8213-4778-B267-1962E94CB394}.Debug|Any CPU.Build.0 = Debug|Any CPU
		{588F847A-8213-4778-B267-1962E94CB394}.Release|Any CPU.ActiveCfg = Release|Any CPU
		{588F847A-8213-4778-B267-1962E94CB394}.Release|Any CPU.Build.0 = Release|Any CPU
	EndGlobalSection
EndGlobal
